version = 1
revision = 5
requires-python = ">=3.12"

[options]
exclude-newer = "0001-01-01T00:00:00Z" # This has no effect and is included for backwards compatibility when using relative exclude-newer values.
exclude-newer-span = "P1D"

[manifest]
requirements = [{ name = "semver", specifier = "==3.1.0" }]

[[package]]
name = "semver"
version = "3.1.0"
source = { registry = "https://pypi.org/simple" }
sdist = { url = "https://files.pythonhosted.org/packages/92/f5/e1dfe8e1d91c54ce212fd93916eb01fd1c590f413be0a0978c39a97aa1bb/semver-3.1.0.tar.gz", hash = "sha256:14bc073439513d7773662a338f4db9829cf16c12b74b9568e2d2689975fbd7fc", size = 304162, upload-time = "2026-09-12T18:38:14.045Z" }
wheels = [
    { url = "https://files.pythonhosted.org/packages/be/02/bce7a1d70e9d0f6ea8623c16386138c251b5855af6cd3a11433d3fba4e66/semver-3.1.0-py3-none-any.whl", hash = "sha256:6e4998f8b4762acdfea85f9bfd5b4032e0bb50038dc04bf82011b42d5d1145c5", size = 18783, upload-time = "2026-09-12T18:38:12.457Z" },
]
